
Microsoft Visual Studio Solution File, Format Version 12.00
# Visual Studio Version 17
VisualStudioVersion = 17.5.33424.131
MinimumVisualStudioVersion = 10.0.40219.1
Project("{FAE04EC0-301F-11D3-BF4B-00C04F79EFBC}") = "MedicalEquipmentSupplySystem.API", "MedicalEquipmentSupplySystem\MedicalEquipmentSupplySystem.API.csproj", "{649D4EB8-4326-4A15-B514-7829142EA64C}"
EndProject
Project("{FAE04EC0-301F-11D3-BF4B-00C04F79EFBC}") = "MedicalEquipmentSupplySystem.BussinessLogic", "MedicalEquipmentSupplySystem.BussinessLogic\MedicalEquipmentSupplySystem.BussinessLogic.csproj", "{FBABF0F2-AF23-498E-90E7-7E4A7D2C57CC}"
EndProject
Project("{FAE04EC0-301F-11D3-BF4B-00C04F79EFBC}") = "MedicalEquipmentSupplySystem.DataAccess", "MedicalEquipmentSupplySystem.DataAccess\MedicalEquipmentSupplySystem.DataAccess.csproj", "{B30FA215-5E81-4EDC-ACA8-4257CF0EDCB2}"
EndProject
Global
	GlobalSection(SolutionConfigurationPlatforms) = preSolution
		Debug|Any CPU = Debug|Any CPU
		Release|Any CPU = Release|Any CPU
	EndGlobalSection
	GlobalSection(ProjectConfigurationPlatforms) = postSolution
		{649D4EB8-4326-4A15-B514-7829142EA64C}.Debug|Any CPU.ActiveCfg = Debug|Any CPU
		{649D4EB8-4326-4A15-B514-7829142EA64C}.Debug|Any CPU.Build.0 = Debug|Any CPU
		{649D4EB8-4326-4A15-B514-7829142EA64C}.Release|Any CPU.ActiveCfg = Release|Any CPU
		{649D4EB8-4326-4A15-B514-7829142EA64C}.Release|Any CPU.Build.0 = Release|Any CPU
		{FBABF0F2-AF23-498E-90E7-7E4A7D2C57CC}.Debug|Any CPU.ActiveCfg = Debug|Any CPU
		{FBABF0F2-AF23-498E-90E7-7E4A7D2C57CC}.Debug|Any CPU.Build.0 = Debug|Any CPU
		{FBABF0F2-AF23-498E-90E7-7E4A7D2C57CC}.Release|Any CPU.ActiveCfg = Release|Any CPU
		{FBABF0F2-AF23-498E-90E7-7E4A7D2C57CC}.Release|Any CPU.Build.0 = Release|Any CPU
		{B30FA215-5E81-4EDC-ACA8-4257CF0EDCB2}.Debug|Any CPU.ActiveCfg = Debug|Any CPU
		{B30FA215-5E81-4EDC-ACA8-4257CF0EDCB2}.Debug|Any CPU.Build.0 = Debug|Any CPU
		{B30FA215-5E81-4EDC-ACA8-4257CF0EDCB2}.Release|Any CPU.ActiveCfg = Release|Any CPU
		{B30FA215-5E81-4EDC-ACA8-4257CF0EDCB2}.Release|Any CPU.Build.0 = Release|Any CPU
	EndGlobalSection
	GlobalSection(SolutionProperties) = preSolution
		HideSolutionNode = FALSE
	EndGlobalSection
	GlobalSection(ExtensibilityGlobals) = postSolution
		SolutionGuid = {D7C92442-C5A0-490B-AA7F-DFCDD32F5196}
	EndGlobalSection
EndGlobal
